
Microsoft Visual Studio Solution File, Format Version 12.00
# Visual Studio Version 16
VisualStudioVersion = 25.0.1706.12
MinimumVisualStudioVersion = 10.0.40219.1
Project("{FAE04EC0-301F-11D3-BF4B-00C04F79EFBC}") = "LoginFormASPCore6", "LoginFormASPCore6.csproj", "{654F4E97-519B-4230-9A7A-0474ADC77973}"
EndProject
Global
	GlobalSection(SolutionConfigurationPlatforms) = preSolution
		Debug|Any CPU = Debug|Any CPU
		Release|Any CPU = Release|Any CPU
	EndGlobalSection
	GlobalSection(ProjectConfigurationPlatforms) = postSolution
		{654F4E97-519B-4230-9A7A-0474ADC77973}.Debug|Any CPU.ActiveCfg = Debug|Any CPU
		{654F4E97-519B-4230-9A7A-0474ADC77973}.Debug|Any CPU.Build.0 = Debug|Any CPU
		{654F4E97-519B-4230-9A7A-0474ADC77973}.Release|Any CPU.ActiveCfg = Release|Any CPU
		{654F4E97-519B-4230-9A7A-0474ADC77973}.Release|Any CPU.Build.0 = Release|Any CPU
	EndGlobalSection
	GlobalSection(SolutionProperties) = preSolution
		HideSolutionNode = FALSE
	EndGlobalSection
	GlobalSection(ExtensibilityGlobals) = postSolution
		SolutionGuid = {CC2C8FF3-15B7-4918-8370-2F93C3CBAE0E}
	EndGlobalSection
EndGlobal
